// !$*UTF8*$!
{
	archiveVersion = 1;
	classes = {
	};
	objectVersion = 46;
	objects = {

/* Begin PBXBuildFile section */
		4D629DF81916B0EB0082689B /* Foundation.framework in Frameworks */ = {isa = PBXBuildFile; fileRef = 4D629DF71916B0EB0082689B /* Foundation.framework */; };
		4D629DFA1916B0EB0082689B /* CoreGraphics.framework in Frameworks */ = {isa = PBXBuildFile; fileRef = 4D629DF91916B0EB0082689B /* CoreGraphics.framework */; };
		4D629DFC1916B0EB0082689B /* UIKit.framework in Frameworks */ = {isa = PBXBuildFile; fileRef = 4D629DFB1916B0EB0082689B /* UIKit.framework */; };
		4D629E021916B0EB0082689B /* InfoPlist.strings in Resources */ = {isa = PBXBuildFile; fileRef = 4D629E001916B0EB0082689B /* InfoPlist.strings */; };
		4D629E0A1916B0EB0082689B /* Images.xcassets in Resources */ = {isa = PBXBuildFile; fileRef = 4D629E091916B0EB0082689B /* Images.xcassets */; };
		4D629E2B1916B7A40082689B /* libiosappglue.a in Frameworks */ = {isa = PBXBuildFile; fileRef = 4D629E2A1916B7A40082689B /* libiosappglue.a */; };
		4D629E2D1916B8170082689B /* OpenGLES.framework in Frameworks */ = {isa = PBXBuildFile; fileRef = 4D629E2C1916B8170082689B /* OpenGLES.framework */; };
		4D629E2F1916B81E0082689B /* GLKit.framework in Frameworks */ = {isa = PBXBuildFile; fileRef = 4D629E2E1916B81E0082689B /* GLKit.framework */; };
		4D629E311916B8250082689B /* OpenAL.framework in Frameworks */ = {isa = PBXBuildFile; fileRef = 4D629E301916B8250082689B /* OpenAL.framework */; };
		4D7FD58A1BC2C43400C340EB /* main.m in Sources */ = {isa = PBXBuildFile; fileRef = 4D7FD5891BC2C43400C340EB /* main.m */; };
		4D7FD58F1BC2C44C00C340EB /* AppDelegate.m in Sources */ = {isa = PBXBuildFile; fileRef = 4D7FD58C1BC2C44C00C340EB /* AppDelegate.m */; };
		4D7FD5901BC2C44C00C340EB /* OpenGLController.m in Sources */ = {isa = PBXBuildFile; fileRef = 4D7FD58E1BC2C44C00C340EB /* OpenGLController.m */; };
		4D90CC2219197A82004E90CC /* data in Resources */ = {isa = PBXBuildFile; fileRef = 4D90CC2119197A82004E90CC /* data */; };
/* End PBXBuildFile section */

/* Begin PBXFileReference section */
		4D629DF41916B0EB0082689B /* Darkest Before Dawn.app */ = {isa = PBXFileReference; explicitFileType = wrapper.application; includeInIndex = 0; path = "Darkest Before Dawn.app"; sourceTree = BUILT_PRODUCTS_DIR; };
		4D629DF71916B0EB0082689B /* Foundation.framework */ = {isa = PBXFileReference; lastKnownFileType = wrapper.framework; name = Foundation.framework; path = System/Library/Frameworks/Foundation.framework; sourceTree = SDKROOT; };
		4D629DF91916B0EB0082689B /* CoreGraphics.framework */ = {isa = PBXFileReference; lastKnownFileType = wrapper.framework; name = CoreGraphics.framework; path = System/Library/Frameworks/CoreGraphics.framework; sourceTree = SDKROOT; };
		4D629DFB1916B0EB0082689B /* UIKit.framework */ = {isa = PBXFileReference; lastKnownFileType = wrapper.framework; name = UIKit.framework; path = System/Library/Frameworks/UIKit.framework; sourceTree = SDKROOT; };
		4D629DFF1916B0EB0082689B /* Darkest-Info.plist */ = {isa = PBXFileReference; lastKnownFileType = text.plist.xml; path = "Darkest-Info.plist"; sourceTree = "<group>"; };
		4D629E011916B0EB0082689B /* en */ = {isa = PBXFileReference; lastKnownFileType = text.plist.strings; name = en; path = en.lproj/InfoPlist.strings; sourceTree = "<group>"; };
		4D629E051916B0EB0082689B /* Darkest-Prefix.pch */ = {isa = PBXFileReference; lastKnownFileType = sourcecode.c.h; path = "Darkest-Prefix.pch"; sourceTree = "<group>"; };
		4D629E091916B0EB0082689B /* Images.xcassets */ = {isa = PBXFileReference; lastKnownFileType = folder.assetcatalog; path = Images.xcassets; sourceTree = "<group>"; };
		4D629E2A1916B7A40082689B /* libiosappglue.a */ = {isa = PBXFileReference; lastKnownFileType = archive.ar; path = libiosappglue.a; sourceTree = "<group>"; };
		4D629E2C1916B8170082689B /* OpenGLES.framework */ = {isa = PBXFileReference; lastKnownFileType = wrapper.framework; name = OpenGLES.framework; path = System/Library/Frameworks/OpenGLES.framework; sourceTree = SDKROOT; };
		4D629E2E1916B81E0082689B /* GLKit.framework */ = {isa = PBXFileReference; lastKnownFileType = wrapper.framework; name = GLKit.framework; path = System/Library/Frameworks/GLKit.framework; sourceTree = SDKROOT; };
		4D629E301916B8250082689B /* OpenAL.framework */ = {isa = PBXFileReference; lastKnownFileType = wrapper.framework; name = OpenAL.framework; path = System/Library/Frameworks/OpenAL.framework; sourceTree = SDKROOT; };
		4D7FD5801BC2BBF500C340EB /* castleiosappglue.h */ = {isa = PBXFileReference; fileEncoding = 4; lastKnownFileType = sourcecode.c.h; name = castleiosappglue.h; path = ../../../castle_game_engine/src/base/ios/castleiosappglue.h; sourceTree = "<group>"; };
		4D7FD5891BC2C43400C340EB /* main.m */ = {isa = PBXFileReference; fileEncoding = 4; lastKnownFileType = sourcecode.c.objc; name = main.m; path = "../../../castle_game_engine/tools/build-tool/templates/ios/main.m"; sourceTree = "<group>"; };
		4D7FD58B1BC2C44C00C340EB /* AppDelegate.h */ = {isa = PBXFileReference; fileEncoding = 4; lastKnownFileType = sourcecode.c.h; name = AppDelegate.h; path = "../../../castle_game_engine/tools/build-tool/templates/ios/AppDelegate.h"; sourceTree = "<group>"; };
		4D7FD58C1BC2C44C00C340EB /* AppDelegate.m */ = {isa = PBXFileReference; fileEncoding = 4; lastKnownFileType = sourcecode.c.objc; name = AppDelegate.m; path = "../../../castle_game_engine/tools/build-tool/templates/ios/AppDelegate.m"; sourceTree = "<group>"; };
		4D7FD58D1BC2C44C00C340EB /* OpenGLController.h */ = {isa = PBXFileReference; fileEncoding = 4; lastKnownFileType = sourcecode.c.h; name = OpenGLController.h; path = "../../../castle_game_engine/tools/build-tool/templates/ios/OpenGLController.h"; sourceTree = "<group>"; };
		4D7FD58E1BC2C44C00C340EB /* OpenGLController.m */ = {isa = PBXFileReference; fileEncoding = 4; lastKnownFileType = sourcecode.c.objc; name = OpenGLController.m; path = "../../../castle_game_engine/tools/build-tool/templates/ios/OpenGLController.m"; sourceTree = "<group>"; };
		4D90CC2119197A82004E90CC /* data */ = {isa = PBXFileReference; lastKnownFileType = folder; name = data; path = Darkest/data; sourceTree = "<group>"; };
/* End PBXFileReference section */

/* Begin PBXFrameworksBuildPhase section */
		4D629DF11916B0EB0082689B /* Frameworks */ = {
			isa = PBXFrameworksBuildPhase;
			buildActionMask = 2147483647;
			files = (
				4D629E311916B8250082689B /* OpenAL.framework in Frameworks */,
				4D629E2F1916B81E0082689B /* GLKit.framework in Frameworks */,
				4D629E2D1916B8170082689B /* OpenGLES.framework in Frameworks */,
				4D629DFA1916B0EB0082689B /* CoreGraphics.framework in Frameworks */,
				4D629DFC1916B0EB0082689B /* UIKit.framework in Frameworks */,
				4D629E2B1916B7A40082689B /* libiosappglue.a in Frameworks */,
				4D629DF81916B0EB0082689B /* Foundation.framework in Frameworks */,
			);
			runOnlyForDeploymentPostprocessing = 0;
		};
/* End PBXFrameworksBuildPhase section */

/* Begin PBXGroup section */
		4D629DEB1916B0EA0082689B = {
			isa = PBXGroup;
			children = (
				4D629DFD1916B0EB0082689B /* Darkest */,
				4D90CC2119197A82004E90CC /* data */,
				4D629DF61916B0EB0082689B /* Frameworks */,
				4D629DF51916B0EB0082689B /* Products */,
			);
			sourceTree = "<group>";
		};
		4D629DF51916B0EB0082689B /* Products */ = {
			isa = PBXGroup;
			children = (
				4D629DF41916B0EB0082689B /* Darkest Before Dawn.app */,
			);
			name = Products;
			sourceTree = "<group>";
		};
		4D629DF61916B0EB0082689B /* Frameworks */ = {
			isa = PBXGroup;
			children = (
				4D629E2A1916B7A40082689B /* libiosappglue.a */,
				4D629E301916B8250082689B /* OpenAL.framework */,
				4D629E2E1916B81E0082689B /* GLKit.framework */,
				4D629E2C1916B8170082689B /* OpenGLES.framework */,
				4D629DF71916B0EB0082689B /* Foundation.framework */,
				4D629DF91916B0EB0082689B /* CoreGraphics.framework */,
				4D629DFB1916B0EB0082689B /* UIKit.framework */,
			);
			name = Frameworks;
			sourceTree = "<group>";
		};
		4D629DFD1916B0EB0082689B /* Darkest */ = {
			isa = PBXGroup;
			children = (
				4D7FD58B1BC2C44C00C340EB /* AppDelegate.h */,
				4D7FD58C1BC2C44C00C340EB /* AppDelegate.m */,
				4D7FD58D1BC2C44C00C340EB /* OpenGLController.h */,
				4D7FD58E1BC2C44C00C340EB /* OpenGLController.m */,
				4D7FD5801BC2BBF500C340EB /* castleiosappglue.h */,
				4D629E091916B0EB0082689B /* Images.xcassets */,
				4D629DFE1916B0EB0082689B /* Supporting Files */,
			);
			path = Darkest;
			sourceTree = "<group>";
		};
		4D629DFE1916B0EB0082689B /* Supporting Files */ = {
			isa = PBXGroup;
			children = (
				4D7FD5891BC2C43400C340EB /* main.m */,
				4D629DFF1916B0EB0082689B /* Darkest-Info.plist */,
				4D629E001916B0EB0082689B /* InfoPlist.strings */,
				4D629E051916B0EB0082689B /* Darkest-Prefix.pch */,
			);
			name = "Supporting Files";
			sourceTree = "<group>";
		};
/* End PBXGroup section */

/* Begin PBXNativeTarget section */
		4D629DF31916B0EB0082689B /* Darkest Before Dawn */ = {
			isa = PBXNativeTarget;
			buildConfigurationList = 4D629E201916B0EB0082689B /* Build configuration list for PBXNativeTarget "Darkest Before Dawn" */;
			buildPhases = (
				4D629DF01916B0EB0082689B /* Sources */,
				4D629DF11916B0EB0082689B /* Frameworks */,
				4D629DF21916B0EB0082689B /* Resources */,
			);
			buildRules = (
			);
			dependencies = (
			);
			name = "Darkest Before Dawn";
			productName = Darkest;
			productReference = 4D629DF41916B0EB0082689B /* Darkest Before Dawn.app */;
			productType = "com.apple.product-type.application";
		};
/* End PBXNativeTarget section */

/* Begin PBXProject section */
		4D629DEC1916B0EA0082689B /* Project object */ = {
			isa = PBXProject;
			attributes = {
				LastUpgradeCheck = 0510;
				ORGANIZATIONNAME = "Jan Adamec";
			};
			buildConfigurationList = 4D629DEF1916B0EA0082689B /* Build configuration list for PBXProject "Darkest" */;
			compatibilityVersion = "Xcode 3.2";
			developmentRegion = English;
			hasScannedForEncodings = 0;
			knownRegions = (
				en,
			);
			mainGroup = 4D629DEB1916B0EA0082689B;
			productRefGroup = 4D629DF51916B0EB0082689B /* Products */;
			projectDirPath = "";
			projectRoot = "";
			targets = (
				4D629DF31916B0EB0082689B /* Darkest Before Dawn */,
			);
		};
/* End PBXProject section */

/* Begin PBXResourcesBuildPhase section */
		4D629DF21916B0EB0082689B /* Resources */ = {
			isa = PBXResourcesBuildPhase;
			buildActionMask = 2147483647;
			files = (
				4D629E021916B0EB0082689B /* InfoPlist.strings in Resources */,
				4D90CC2219197A82004E90CC /* data in Resources */,
				4D629E0A1916B0EB0082689B /* Images.xcassets in Resources */,
			);
			runOnlyForDeploymentPostprocessing = 0;
		};
/* End PBXResourcesBuildPhase section */

/* Begin PBXSourcesBuildPhase section */
		4D629DF01916B0EB0082689B /* Sources */ = {
			isa = PBXSourcesBuildPhase;
			buildActionMask = 2147483647;
			files = (
				4D7FD5901BC2C44C00C340EB /* OpenGLController.m in Sources */,
				4D7FD58F1BC2C44C00C340EB /* AppDelegate.m in Sources */,
				4D7FD58A1BC2C43400C340EB /* main.m in Sources */,
			);
			runOnlyForDeploymentPostprocessing = 0;
		};
/* End PBXSourcesBuildPhase section */

/* Begin PBXVariantGroup section */
		4D629E001916B0EB0082689B /* InfoPlist.strings */ = {
			isa = PBXVariantGroup;
			children = (
				4D629E011916B0EB0082689B /* en */,
			);
			name = InfoPlist.strings;
			sourceTree = "<group>";
		};
/* End PBXVariantGroup section */

/* Begin XCBuildConfiguration section */
		4D629E1E1916B0EB0082689B /* Debug */ = {
			isa = XCBuildConfiguration;
			buildSettings = {
				ALWAYS_SEARCH_USER_PATHS = NO;
				ARCHS = armv7;
				CLANG_CXX_LANGUAGE_STANDARD = "gnu++0x";
				CLANG_CXX_LIBRARY = "libc++";
				CLANG_ENABLE_MODULES = YES;
				CLANG_ENABLE_OBJC_ARC = YES;
				CLANG_WARN_BOOL_CONVERSION = YES;
				CLANG_WARN_CONSTANT_CONVERSION = YES;
				CLANG_WARN_DIRECT_OBJC_ISA_USAGE = YES_ERROR;
				CLANG_WARN_EMPTY_BODY = YES;
				CLANG_WARN_ENUM_CONVERSION = YES;
				CLANG_WARN_INT_CONVERSION = YES;
				CLANG_WARN_OBJC_ROOT_CLASS = YES_ERROR;
				CLANG_WARN__DUPLICATE_METHOD_MATCH = YES;
				"CODE_SIGN_IDENTITY[sdk=iphoneos*]" = "iPhone Developer";
				COPY_PHASE_STRIP = NO;
				GCC_C_LANGUAGE_STANDARD = gnu99;
				GCC_DYNAMIC_NO_PIC = NO;
				GCC_OPTIMIZATION_LEVEL = 0;
				GCC_PREPROCESSOR_DEFINITIONS = (
					"DEBUG=1",
					"$(inherited)",
				);
				GCC_SYMBOLS_PRIVATE_EXTERN = NO;
				GCC_WARN_64_TO_32_BIT_CONVERSION = YES;
				GCC_WARN_ABOUT_RETURN_TYPE = YES_ERROR;
				GCC_WARN_UNDECLARED_SELECTOR = YES;
				GCC_WARN_UNINITIALIZED_AUTOS = YES_AGGRESSIVE;
				GCC_WARN_UNUSED_FUNCTION = YES;
				GCC_WARN_UNUSED_VARIABLE = YES;
				IPHONEOS_DEPLOYMENT_TARGET = 7.1;
				ONLY_ACTIVE_ARCH = YES;
				SDKROOT = iphoneos;
				TARGETED_DEVICE_FAMILY = "1,2";
				VALID_ARCHS = armv7;
			};
			name = Debug;
		};
		4D629E1F1916B0EB0082689B /* Release */ = {
			isa = XCBuildConfiguration;
			buildSettings = {
				ALWAYS_SEARCH_USER_PATHS = NO;
				ARCHS = armv7;
				CLANG_CXX_LANGUAGE_STANDARD = "gnu++0x";
				CLANG_CXX_LIBRARY = "libc++";
				CLANG_ENABLE_MODULES = YES;
				CLANG_ENABLE_OBJC_ARC = YES;
				CLANG_WARN_BOOL_CONVERSION = YES;
				CLANG_WARN_CONSTANT_CONVERSION = YES;
				CLANG_WARN_DIRECT_OBJC_ISA_USAGE = YES_ERROR;
				CLANG_WARN_EMPTY_BODY = YES;
				CLANG_WARN_ENUM_CONVERSION = YES;
				CLANG_WARN_INT_CONVERSION = YES;
				CLANG_WARN_OBJC_ROOT_CLASS = YES_ERROR;
				CLANG_WARN__DUPLICATE_METHOD_MATCH = YES;
				"CODE_SIGN_IDENTITY[sdk=iphoneos*]" = "iPhone Developer";
				COPY_PHASE_STRIP = YES;
				ENABLE_NS_ASSERTIONS = NO;
				GCC_C_LANGUAGE_STANDARD = gnu99;
				GCC_WARN_64_TO_32_BIT_CONVERSION = YES;
				GCC_WARN_ABOUT_RETURN_TYPE = YES_ERROR;
				GCC_WARN_UNDECLARED_SELECTOR = YES;
				GCC_WARN_UNINITIALIZED_AUTOS = YES_AGGRESSIVE;
				GCC_WARN_UNUSED_FUNCTION = YES;
				GCC_WARN_UNUSED_VARIABLE = YES;
				IPHONEOS_DEPLOYMENT_TARGET = 7.1;
				ONLY_ACTIVE_ARCH = NO;
				SDKROOT = iphoneos;
				TARGETED_DEVICE_FAMILY = "1,2";
				VALIDATE_PRODUCT = YES;
				VALID_ARCHS = armv7;
			};
			name = Release;
		};
		4D629E211916B0EB0082689B /* Debug */ = {
			isa = XCBuildConfiguration;
			buildSettings = {
				ARCHS = "$(ARCHS_STANDARD)";
				ASSETCATALOG_COMPILER_APPICON_NAME = AppIcon;
				ASSETCATALOG_COMPILER_LAUNCHIMAGE_NAME = LaunchImage;
				GCC_PRECOMPILE_PREFIX_HEADER = YES;
				GCC_PREFIX_HEADER = "Darkest/Darkest-Prefix.pch";
				INFOPLIST_FILE = "Darkest/Darkest-Info.plist";
				IPHONEOS_DEPLOYMENT_TARGET = 5.1.1;
				LIBRARY_SEARCH_PATHS = (
					"$(inherited)",
					"$(PROJECT_DIR)",
				);
				PRODUCT_NAME = "$(TARGET_NAME)";
				VALID_ARCHS = "armv7 arm64";
				WRAPPER_EXTENSION = app;
			};
			name = Debug;
		};
		4D629E221916B0EB0082689B /* Release */ = {
			isa = XCBuildConfiguration;
			buildSettings = {
				ARCHS = "$(ARCHS_STANDARD)";
				ASSETCATALOG_COMPILER_APPICON_NAME = AppIcon;
				ASSETCATALOG_COMPILER_LAUNCHIMAGE_NAME = LaunchImage;
				GCC_PRECOMPILE_PREFIX_HEADER = YES;
				GCC_PREFIX_HEADER = "Darkest/Darkest-Prefix.pch";
				INFOPLIST_FILE = "Darkest/Darkest-Info.plist";
				IPHONEOS_DEPLOYMENT_TARGET = 5.1.1;
				LIBRARY_SEARCH_PATHS = (
					"$(inherited)",
					"$(PROJECT_DIR)",
				);
				PRODUCT_NAME = "$(TARGET_NAME)";
				VALID_ARCHS = "armv7 arm64";
				WRAPPER_EXTENSION = app;
			};
			name = Release;
		};
/* End XCBuildConfiguration section */

/* Begin XCConfigurationList section */
		4D629DEF1916B0EA0082689B /* Build configuration list for PBXProject "Darkest" */ = {
			isa = XCConfigurationList;
			buildConfigurations = (
				4D629E1E1916B0EB0082689B /* Debug */,
				4D629E1F1916B0EB0082689B /* Release */,
			);
			defaultConfigurationIsVisible = 0;
			defaultConfigurationName = Release;
		};
		4D629E201916B0EB0082689B /* Build configuration list for PBXNativeTarget "Darkest Before Dawn" */ = {
			isa = XCConfigurationList;
			buildConfigurations = (
				4D629E211916B0EB0082689B /* Debug */,
				4D629E221916B0EB0082689B /* Release */,
			);
			defaultConfigurationIsVisible = 0;
			defaultConfigurationName = Release;
		};
/* End XCConfigurationList section */
	};
	rootObject = 4D629DEC1916B0EA0082689B /* Project object */;
}
